{
  "nodes": {
    "disko": {
      "inputs": {
        "nixpkgs": [
          "nixpkgs"
        ]
      },
      "locked": {
        "lastModified": 1773506317,
        "narHash": "sha256-qWKbLUJpavIpvOdX1fhHYm0WGerytFHRoh9lVck6Bh0=",
        "owner": "nix-community",
        "repo": "disko",
        "rev": "878ec37d6a8f52c6c801d0e2a2ad554c75b9353c",
        "type": "github"
      },
      "original": {
        "owner": "nix-community",
        "repo": "disko",
        "type": "github"
      }
    },
    "home-manager": {
      "inputs": {
        "nixpkgs": [
          "impermanence",
          "nixpkgs"
        ]
      },
      "locked": {
        "lastModified": 1768598210,
        "narHash": "sha256-kkgA32s/f4jaa4UG+2f8C225Qvclxnqs76mf8zvTVPg=",
        "owner": "nix-community",
        "repo": "home-manager",
        "rev": "c47b2cc64a629f8e075de52e4742de688f930dc6",
        "type": "github"
      },
      "original": {
        "owner": "nix-community",
        "repo": "home-manager",
        "type": "github"
      }
    },
    "impermanence": {
      "inputs": {
        "home-manager": "home-manager",
        "nixpkgs": [
          "nixpkgs"
        ]
      },
      "locked": {
        "lastModified": 1769548169,
        "narHash": "sha256-03+JxvzmfwRu+5JafM0DLbxgHttOQZkUtDWBmeUkN8Y=",
        "owner": "nix-community",
        "repo": "impermanence",
        "rev": "7b1d382faf603b6d264f58627330f9faa5cba149",
        "type": "github"
      },
      "original": {
        "owner": "nix-community",
        "repo": "impermanence",
        "type": "github"
      }
    },
    "nixpkgs": {
      "locked": {
        "lastModified": 1773646010,
        "narHash": "sha256-iYrs97hS7p5u4lQzuNWzuALGIOdkPXvjz7bviiBjUu8=",
        "owner": "NixOS",
        "repo": "nixpkgs",
        "rev": "5b2c2d84341b2afb5647081c1386a80d7a8d8605",
        "type": "github"
      },
      "original": {
        "owner": "NixOS",
        "ref": "nixos-unstable",
        "repo": "nixpkgs",
        "type": "github"
      }
    },
    "nixpkgs-fetch-deno": {
      "locked": {
        "lastModified": 1766410835,
        "narHash": "sha256-dRhVt0aFDyTqppyzRLxiO1JZEAoIA2fUnaeyJTe+UwU=",
        "owner": "aMOPel",
        "repo": "nixpkgs",
        "rev": "c9801acc8c4fac6377d076bc1c102b15bd9cfa6f",
        "type": "github"
      },
      "original": {
        "owner": "aMOPel",
        "ref": "feat/fetchDenoDeps",
        "repo": "nixpkgs",
        "type": "github"
      }
    },
    "root": {
      "inputs": {
        "disko": "disko",
        "impermanence": "impermanence",
        "nixpkgs": "nixpkgs",
        "tranquil": "tranquil"
      }
    },
    "tranquil": {
      "inputs": {
        "nixpkgs": [
          "nixpkgs"
        ],
        "nixpkgs-fetch-deno": "nixpkgs-fetch-deno"
      },
      "locked": {
        "lastModified": 1773558907,
        "narHash": "sha256-+264gZ5J1yUDzUTzSJd9qvbWBxwgTHqNlZYmW7pkKDA=",
        "ref": "main",
        "rev": "92e609d36711f7754bb8b2a1a1a7be96dfed6645",
        "revCount": 213,
        "type": "git",
        "url": "https://tangled.org/tranquil.farm/tranquil-pds"
      },
      "original": {
        "ref": "main",
        "type": "git",
        "url": "https://tangled.org/tranquil.farm/tranquil-pds"
      }
    }
  },
  "root": "root",
  "version": 7
}
